
Microsoft Visual Studio Solution File, Format Version 12.00
# Visual Studio Version 17
VisualStudioVersion = 17.6.33829.357
MinimumVisualStudioVersion = 10.0.40219.1
Project("{FAE04EC0-301F-11D3-BF4B-00C04F79EFBC}") = "lab21", "lab21\lab21.csproj", "{3520D78A-6283-4255-90AC-0BA4B6EC4F4A}"
EndProject
Project("{FAE04EC0-301F-11D3-BF4B-00C04F79EFBC}") = "UnitTestProject1", "UnitTestProject1\UnitTestProject1.csproj", "{2E30949D-726A-4E28-84D7-9377E8772465}"
EndProject
Global
	GlobalSection(SolutionConfigurationPlatforms) = preSolution
		Debug|Any CPU = Debug|Any CPU
		Release|Any CPU = Release|Any CPU
	EndGlobalSection
	GlobalSection(ProjectConfigurationPlatforms) = postSolution
		{3520D78A-6283-4255-90AC-0BA4B6EC4F4A}.Debug|Any CPU.ActiveCfg = Debug|Any CPU
		{3520D78A-6283-4255-90AC-0BA4B6EC4F4A}.Debug|Any CPU.Build.0 = Debug|Any CPU
		{3520D78A-6283-4255-90AC-0BA4B6EC4F4A}.Release|Any CPU.ActiveCfg = Release|Any CPU
		{3520D78A-6283-4255-90AC-0BA4B6EC4F4A}.Release|Any CPU.Build.0 = Release|Any CPU
		{2E30949D-726A-4E28-84D7-9377E8772465}.Debug|Any CPU.ActiveCfg = Debug|Any CPU
		{2E30949D-726A-4E28-84D7-9377E8772465}.Debug|Any CPU.Build.0 = Debug|Any CPU
		{2E30949D-726A-4E28-84D7-9377E8772465}.Release|Any CPU.ActiveCfg = Release|Any CPU
		{2E30949D-726A-4E28-84D7-9377E8772465}.Release|Any CPU.Build.0 = Release|Any CPU
	EndGlobalSection
	GlobalSection(SolutionProperties) = preSolution
		HideSolutionNode = FALSE
	EndGlobalSection
	GlobalSection(ExtensibilityGlobals) = postSolution
		SolutionGuid = {BFFD1AE1-72E0-403A-BB81-5495EC495665}
	EndGlobalSection
EndGlobal
