
Microsoft Visual Studio Solution File, Format Version 12.00
# Visual Studio Version 17
VisualStudioVersion = 17.6.33829.357
MinimumVisualStudioVersion = 10.0.40219.1
Project("{FAE04EC0-301F-11D3-BF4B-00C04F79EFBC}") = "team 3", "team 3\team 3.csproj", "{B441786A-26AF-4EB3-B175-931D26201A8B}"
EndProject
Project("{FAE04EC0-301F-11D3-BF4B-00C04F79EFBC}") = "UnitTestProject1", "UnitTestProject1\UnitTestProject1.csproj", "{DD72DC1B-E0F2-40E2-8024-4C1F19038E9C}"
EndProject
Global
	GlobalSection(SolutionConfigurationPlatforms) = preSolution
		Debug|Any CPU = Debug|Any CPU
		Release|Any CPU = Release|Any CPU
	EndGlobalSection
	GlobalSection(ProjectConfigurationPlatforms) = postSolution
		{B441786A-26AF-4EB3-B175-931D26201A8B}.Debug|Any CPU.ActiveCfg = Debug|Any CPU
		{B441786A-26AF-4EB3-B175-931D26201A8B}.Debug|Any CPU.Build.0 = Debug|Any CPU
		{B441786A-26AF-4EB3-B175-931D26201A8B}.Release|Any CPU.ActiveCfg = Release|Any CPU
		{B441786A-26AF-4EB3-B175-931D26201A8B}.Release|Any CPU.Build.0 = Release|Any CPU
		{DD72DC1B-E0F2-40E2-8024-4C1F19038E9C}.Debug|Any CPU.ActiveCfg = Debug|Any CPU
		{DD72DC1B-E0F2-40E2-8024-4C1F19038E9C}.Debug|Any CPU.Build.0 = Debug|Any CPU
		{DD72DC1B-E0F2-40E2-8024-4C1F19038E9C}.Release|Any CPU.ActiveCfg = Release|Any CPU
		{DD72DC1B-E0F2-40E2-8024-4C1F19038E9C}.Release|Any CPU.Build.0 = Release|Any CPU
	EndGlobalSection
	GlobalSection(SolutionProperties) = preSolution
		HideSolutionNode = FALSE
	EndGlobalSection
	GlobalSection(ExtensibilityGlobals) = postSolution
		SolutionGuid = {BE8D7DC3-CFFA-442B-B109-30DD9A8B2414}
	EndGlobalSection
EndGlobal
