
Microsoft Visual Studio Solution File, Format Version 12.00
# Visual Studio Version 17
VisualStudioVersion = 17.6.33829.357
MinimumVisualStudioVersion = 10.0.40219.1
Project("{FAE04EC0-301F-11D3-BF4B-00C04F79EFBC}") = "team1", "team1\team1.csproj", "{87978258-C3BB-43A0-AE9E-E38592E83465}"
EndProject
Global
	GlobalSection(SolutionConfigurationPlatforms) = preSolution
		Debug|Any CPU = Debug|Any CPU
		Release|Any CPU = Release|Any CPU
	EndGlobalSection
	GlobalSection(ProjectConfigurationPlatforms) = postSolution
		{87978258-C3BB-43A0-AE9E-E38592E83465}.Debug|Any CPU.ActiveCfg = Debug|Any CPU
		{87978258-C3BB-43A0-AE9E-E38592E83465}.Debug|Any CPU.Build.0 = Debug|Any CPU
		{87978258-C3BB-43A0-AE9E-E38592E83465}.Release|Any CPU.ActiveCfg = Release|Any CPU
		{87978258-C3BB-43A0-AE9E-E38592E83465}.Release|Any CPU.Build.0 = Release|Any CPU
	EndGlobalSection
	GlobalSection(SolutionProperties) = preSolution
		HideSolutionNode = FALSE
	EndGlobalSection
	GlobalSection(ExtensibilityGlobals) = postSolution
		SolutionGuid = {3601CA3A-80E4-4C51-8A8E-C9799CF3268A}
	EndGlobalSection
EndGlobal
